
Microsoft Visual Studio Solution File, Format Version 12.00
# Visual Studio Version 16
VisualStudioVersion = 16.0.31025.194
MinimumVisualStudioVersion = 10.0.40219.1
Project("{9A19103F-16F7-4668-BE54-9A1E7A4F7556}") = "Api", "Api\Api.csproj", "{DFB44B94-96CE-4346-9DC4-B2420CB05871}"
EndProject
Project("{9A19103F-16F7-4668-BE54-9A1E7A4F7556}") = "Application", "Application\Application.csproj", "{2FAD534D-0335-44F9-87EF-BF867E44EF58}"
EndProject
Project("{9A19103F-16F7-4668-BE54-9A1E7A4F7556}") = "Domain", "Domain\Domain.csproj", "{5EAB060A-D9DA-4F64-8473-0EC43F3024D5}"
EndProject
Project("{9A19103F-16F7-4668-BE54-9A1E7A4F7556}") = "Infra.Data", "Infra.Data\Infra.Data.csproj", "{28C4099F-3FE1-420B-A3FB-47D01A351586}"
EndProject
Project("{9A19103F-16F7-4668-BE54-9A1E7A4F7556}") = "Infra.CrossCutting.IoC", "Infra.CrossCutting.IoC\Infra.CrossCutting.IoC.csproj", "{3A106253-EF7A-48C0-840E-C4C348BE82EC}"
EndProject
Project("{9A19103F-16F7-4668-BE54-9A1E7A4F7556}") = "Application.Test", "..\..\test\Application.Test\Application.Test.csproj", "{9A144D51-8D1C-4979-A042-CF2C1FC3E83D}"
EndProject
Project("{9A19103F-16F7-4668-BE54-9A1E7A4F7556}") = "Domain.Test", "..\..\test\Domain.Test\Domain.Test.csproj", "{726F0C1C-D52F-4CF8-BC07-B10CC9214BA6}"
EndProject
Global
	GlobalSection(SolutionConfigurationPlatforms) = preSolution
		Debug|Any CPU = Debug|Any CPU
		Release|Any CPU = Release|Any CPU
	EndGlobalSection
	GlobalSection(ProjectConfigurationPlatforms) = postSolution
		{DFB44B94-96CE-4346-9DC4-B2420CB05871}.Debug|Any CPU.ActiveCfg = Debug|Any CPU
		{DFB44B94-96CE-4346-9DC4-B2420CB05871}.Debug|Any CPU.Build.0 = Debug|Any CPU
		{DFB44B94-96CE-4346-9DC4-B2420CB05871}.Release|Any CPU.ActiveCfg = Release|Any CPU
		{DFB44B94-96CE-4346-9DC4-B2420CB05871}.Release|Any CPU.Build.0 = Release|Any CPU
		{2FAD534D-0335-44F9-87EF-BF867E44EF58}.Debug|Any CPU.ActiveCfg = Debug|Any CPU
		{2FAD534D-0335-44F9-87EF-BF867E44EF58}.Debug|Any CPU.Build.0 = Debug|Any CPU
		{2FAD534D-0335-44F9-87EF-BF867E44EF58}.Release|Any CPU.ActiveCfg = Release|Any CPU
		{2FAD534D-0335-44F9-87EF-BF867E44EF58}.Release|Any CPU.Build.0 = Release|Any CPU
		{5EAB060A-D9DA-4F64-8473-0EC43F3024D5}.Debug|Any CPU.ActiveCfg = Debug|Any CPU
		{5EAB060A-D9DA-4F64-8473-0EC43F3024D5}.Debug|Any CPU.Build.0 = Debug|Any CPU
		{5EAB060A-D9DA-4F64-8473-0EC43F3024D5}.Release|Any CPU.ActiveCfg = Release|Any CPU
		{5EAB060A-D9DA-4F64-8473-0EC43F3024D5}.Release|Any CPU.Build.0 = Release|Any CPU
		{28C4099F-3FE1-420B-A3FB-47D01A351586}.Debug|Any CPU.ActiveCfg = Debug|Any CPU
		{28C4099F-3FE1-420B-A3FB-47D01A351586}.Debug|Any CPU.Build.0 = Debug|Any CPU
		{28C4099F-3FE1-420B-A3FB-47D01A351586}.Release|Any CPU.ActiveCfg = Release|Any CPU
		{28C4099F-3FE1-420B-A3FB-47D01A351586}.Release|Any CPU.Build.0 = Release|Any CPU
		{3A106253-EF7A-48C0-840E-C4C348BE82EC}.Debug|Any CPU.ActiveCfg = Debug|Any CPU
		{3A106253-EF7A-48C0-840E-C4C348BE82EC}.Debug|Any CPU.Build.0 = Debug|Any CPU
		{3A106253-EF7A-48C0-840E-C4C348BE82EC}.Release|Any CPU.ActiveCfg = Release|Any CPU
		{3A106253-EF7A-48C0-840E-C4C348BE82EC}.Release|Any CPU.Build.0 = Release|Any CPU
		{9A144D51-8D1C-4979-A042-CF2C1FC3E83D}.Debug|Any CPU.ActiveCfg = Debug|Any CPU
		{9A144D51-8D1C-4979-A042-CF2C1FC3E83D}.Debug|Any CPU.Build.0 = Debug|Any CPU
		{9A144D51-8D1C-4979-A042-CF2C1FC3E83D}.Release|Any CPU.ActiveCfg = Release|Any CPU
		{9A144D51-8D1C-4979-A042-CF2C1FC3E83D}.Release|Any CPU.Build.0 = Release|Any CPU
		{726F0C1C-D52F-4CF8-BC07-B10CC9214BA6}.Debug|Any CPU.ActiveCfg = Debug|Any CPU
		{726F0C1C-D52F-4CF8-BC07-B10CC9214BA6}.Debug|Any CPU.Build.0 = Debug|Any CPU
		{726F0C1C-D52F-4CF8-BC07-B10CC9214BA6}.Release|Any CPU.ActiveCfg = Release|Any CPU
		{726F0C1C-D52F-4CF8-BC07-B10CC9214BA6}.Release|Any CPU.Build.0 = Release|Any CPU
	EndGlobalSection
	GlobalSection(SolutionProperties) = preSolution
		HideSolutionNode = FALSE
	EndGlobalSection
	GlobalSection(ExtensibilityGlobals) = postSolution
		SolutionGuid = {6CAF4EBC-4DDC-498D-A949-6ED9BF040B73}
	EndGlobalSection
EndGlobal
